
Microsoft Visual Studio Solution File, Format Version 12.00
# Visual Studio 15
VisualStudioVersion = 15.0.27130.2027
MinimumVisualStudioVersion = 10.0.40219.1
Project("{FAE04EC0-301F-11D3-BF4B-00C04F79EFBC}") = "HealthyChef.DAL", "HealthyChef.DAL\HealthyChef.DAL.csproj", "{7C42ABF4-2CD7-4B50-81A6-2D0CCC405669}"
EndProject
Project("{FAE04EC0-301F-11D3-BF4B-00C04F79EFBC}") = "HealthyChef", "HealthyChef\HealthyChef.csproj", "{611F2458-3CCD-4AD1-84E9-56F4B4C77469}"
EndProject
Project("{FAE04EC0-301F-11D3-BF4B-00C04F79EFBC}") = "HealthyChef.Common", "HealthyChef.Common\HealthyChef.Common.csproj", "{41A049DB-517A-4150-9C61-B0334F4EF5C1}"
EndProject
Project("{FAE04EC0-301F-11D3-BF4B-00C04F79EFBC}") = "HealthyChef.Email", "HealthyChef.Email\HealthyChef.Email.csproj", "{B2AA887D-2472-4570-8E6A-F76A454946F2}"
EndProject
Project("{FAE04EC0-301F-11D3-BF4B-00C04F79EFBC}") = "AuthorizeNET", "Authorize.NET\AuthorizeNET.csproj", "{5D52EAEC-42FB-4313-83B8-69E2F55EBF14}"
EndProject
Project("{FAE04EC0-301F-11D3-BF4B-00C04F79EFBC}") = "ZipToTaxService", "ZipToTax\ZipToTaxService.csproj", "{37ECF839-ED98-4E2A-97B6-A10D28D8D9E5}"
EndProject
Project("{FAE04EC0-301F-11D3-BF4B-00C04F79EFBC}") = "UserImport", "UserImport\UserImport.csproj", "{217BC8A4-47E0-4280-9601-FCBEEBB8B51B}"
EndProject
Project("{FAE04EC0-301F-11D3-BF4B-00C04F79EFBC}") = "HealthyChef.AuthNet", "HealthyChef.AuthNet\HealthyChef.AuthNet.csproj", "{BA9ECD36-20AD-46BF-86E1-7884E38DE146}"
EndProject
Project("{FAE04EC0-301F-11D3-BF4B-00C04F79EFBC}") = "HealthyChefCreationsMVC", "HealthyChefCreationsMVC\HealthyChefCreationsMVC.csproj", "{C7F0EFEB-4F8E-47F9-AEDA-0BC4113858C2}"
EndProject
Project("{2150E333-8FDC-42A3-9474-1A3956D46DE8}") = "backup report", "backup report", "{9618E6F1-1C72-47FE-BBE2-B23CEEF2B558}"
EndProject
Project("{F14B399A-7131-4C87-9E4B-1186C45EF12D}") = "ServerReports", "ServerReports\ServerReports.rptproj", "{83A38CEF-29B3-46CD-881A-46F3D73A5525}"
EndProject
Global
	GlobalSection(SolutionConfigurationPlatforms) = preSolution
		Debug|.NET = Debug|.NET
		Debug|Any CPU = Debug|Any CPU
		Debug|Mixed Platforms = Debug|Mixed Platforms
		Debug|x64 = Debug|x64
		Debug|x86 = Debug|x86
		DebugLocal|.NET = DebugLocal|.NET
		DebugLocal|Any CPU = DebugLocal|Any CPU
		DebugLocal|Mixed Platforms = DebugLocal|Mixed Platforms
		DebugLocal|x64 = DebugLocal|x64
		DebugLocal|x86 = DebugLocal|x86
		Release|.NET = Release|.NET
		Release|Any CPU = Release|Any CPU
		Release|Mixed Platforms = Release|Mixed Platforms
		Release|x64 = Release|x64
		Release|x86 = Release|x86
	EndGlobalSection
	GlobalSection(ProjectConfigurationPlatforms) = postSolution
		{7C42ABF4-2CD7-4B50-81A6-2D0CCC405669}.Debug|.NET.ActiveCfg = Debug|Any CPU
		{7C42ABF4-2CD7-4B50-81A6-2D0CCC405669}.Debug|Any CPU.ActiveCfg = Debug|Any CPU
		{7C42ABF4-2CD7-4B50-81A6-2D0CCC405669}.Debug|Any CPU.Build.0 = Debug|Any CPU
		{7C42ABF4-2CD7-4B50-81A6-2D0CCC405669}.Debug|Mixed Platforms.ActiveCfg = Debug|Any CPU
		{7C42ABF4-2CD7-4B50-81A6-2D0CCC405669}.Debug|Mixed Platforms.Build.0 = Debug|Any CPU
		{7C42ABF4-2CD7-4B50-81A6-2D0CCC405669}.Debug|x64.ActiveCfg = Debug|Any CPU
		{7C42ABF4-2CD7-4B50-81A6-2D0CCC405669}.Debug|x64.Build.0 = Debug|Any CPU
		{7C42ABF4-2CD7-4B50-81A6-2D0CCC405669}.Debug|x86.ActiveCfg = Debug|Any CPU
		{7C42ABF4-2CD7-4B50-81A6-2D0CCC405669}.DebugLocal|.NET.ActiveCfg = Debug|Any CPU
		{7C42ABF4-2CD7-4B50-81A6-2D0CCC405669}.DebugLocal|.NET.Build.0 = Debug|Any CPU
		{7C42ABF4-2CD7-4B50-81A6-2D0CCC405669}.DebugLocal|Any CPU.ActiveCfg = Debug|Any CPU
		{7C42ABF4-2CD7-4B50-81A6-2D0CCC405669}.DebugLocal|Any CPU.Build.0 = Debug|Any CPU
		{7C42ABF4-2CD7-4B50-81A6-2D0CCC405669}.DebugLocal|Mixed Platforms.ActiveCfg = Debug|Any CPU
		{7C42ABF4-2CD7-4B50-81A6-2D0CCC405669}.DebugLocal|Mixed Platforms.Build.0 = Debug|Any CPU
		{7C42ABF4-2CD7-4B50-81A6-2D0CCC405669}.DebugLocal|x64.ActiveCfg = Debug|x64
		{7C42ABF4-2CD7-4B50-81A6-2D0CCC405669}.DebugLocal|x64.Build.0 = Debug|x64
		{7C42ABF4-2CD7-4B50-81A6-2D0CCC405669}.DebugLocal|x86.ActiveCfg = Debug|Any CPU
		{7C42ABF4-2CD7-4B50-81A6-2D0CCC405669}.DebugLocal|x86.Build.0 = Debug|Any CPU
		{7C42ABF4-2CD7-4B50-81A6-2D0CCC405669}.Release|.NET.ActiveCfg = Release|Any CPU
		{7C42ABF4-2CD7-4B50-81A6-2D0CCC405669}.Release|Any CPU.ActiveCfg = Release|Any CPU
		{7C42ABF4-2CD7-4B50-81A6-2D0CCC405669}.Release|Any CPU.Build.0 = Release|Any CPU
		{7C42ABF4-2CD7-4B50-81A6-2D0CCC405669}.Release|Mixed Platforms.ActiveCfg = Release|Any CPU
		{7C42ABF4-2CD7-4B50-81A6-2D0CCC405669}.Release|Mixed Platforms.Build.0 = Release|Any CPU
		{7C42ABF4-2CD7-4B50-81A6-2D0CCC405669}.Release|x64.ActiveCfg = Release|x64
		{7C42ABF4-2CD7-4B50-81A6-2D0CCC405669}.Release|x64.Build.0 = Release|x64
		{7C42ABF4-2CD7-4B50-81A6-2D0CCC405669}.Release|x86.ActiveCfg = Release|Any CPU
		{611F2458-3CCD-4AD1-84E9-56F4B4C77469}.Debug|.NET.ActiveCfg = Debug|Any CPU
		{611F2458-3CCD-4AD1-84E9-56F4B4C77469}.Debug|Any CPU.ActiveCfg = Debug|Any CPU
		{611F2458-3CCD-4AD1-84E9-56F4B4C77469}.Debug|Any CPU.Build.0 = Debug|Any CPU
		{611F2458-3CCD-4AD1-84E9-56F4B4C77469}.Debug|Mixed Platforms.ActiveCfg = Debug|Any CPU
		{611F2458-3CCD-4AD1-84E9-56F4B4C77469}.Debug|Mixed Platforms.Build.0 = Debug|Any CPU
		{611F2458-3CCD-4AD1-84E9-56F4B4C77469}.Debug|x64.ActiveCfg = Debug|Any CPU
		{611F2458-3CCD-4AD1-84E9-56F4B4C77469}.Debug|x64.Build.0 = Debug|Any CPU
		{611F2458-3CCD-4AD1-84E9-56F4B4C77469}.Debug|x86.ActiveCfg = Debug|Any CPU
		{611F2458-3CCD-4AD1-84E9-56F4B4C77469}.DebugLocal|.NET.ActiveCfg = Debug|Any CPU
		{611F2458-3CCD-4AD1-84E9-56F4B4C77469}.DebugLocal|.NET.Build.0 = Debug|Any CPU
		{611F2458-3CCD-4AD1-84E9-56F4B4C77469}.DebugLocal|Any CPU.ActiveCfg = Debug|Any CPU
		{611F2458-3CCD-4AD1-84E9-56F4B4C77469}.DebugLocal|Any CPU.Build.0 = Debug|Any CPU
		{611F2458-3CCD-4AD1-84E9-56F4B4C77469}.DebugLocal|Mixed Platforms.ActiveCfg = Debug|Any CPU
		{611F2458-3CCD-4AD1-84E9-56F4B4C77469}.DebugLocal|Mixed Platforms.Build.0 = Debug|Any CPU
		{611F2458-3CCD-4AD1-84E9-56F4B4C77469}.DebugLocal|x64.ActiveCfg = Debug|x64
		{611F2458-3CCD-4AD1-84E9-56F4B4C77469}.DebugLocal|x64.Build.0 = Debug|x64
		{611F2458-3CCD-4AD1-84E9-56F4B4C77469}.DebugLocal|x86.ActiveCfg = Debug|Any CPU
		{611F2458-3CCD-4AD1-84E9-56F4B4C77469}.DebugLocal|x86.Build.0 = Debug|Any CPU
		{611F2458-3CCD-4AD1-84E9-56F4B4C77469}.Release|.NET.ActiveCfg = Release|Any CPU
		{611F2458-3CCD-4AD1-84E9-56F4B4C77469}.Release|Any CPU.ActiveCfg = Release|Any CPU
		{611F2458-3CCD-4AD1-84E9-56F4B4C77469}.Release|Any CPU.Build.0 = Release|Any CPU
		{611F2458-3CCD-4AD1-84E9-56F4B4C77469}.Release|Mixed Platforms.ActiveCfg = Release|Any CPU
		{611F2458-3CCD-4AD1-84E9-56F4B4C77469}.Release|Mixed Platforms.Build.0 = Release|Any CPU
		{611F2458-3CCD-4AD1-84E9-56F4B4C77469}.Release|x64.ActiveCfg = Release|x64
		{611F2458-3CCD-4AD1-84E9-56F4B4C77469}.Release|x64.Build.0 = Release|x64
		{611F2458-3CCD-4AD1-84E9-56F4B4C77469}.Release|x86.ActiveCfg = Release|Any CPU
		{41A049DB-517A-4150-9C61-B0334F4EF5C1}.Debug|.NET.ActiveCfg = Debug|Any CPU
		{41A049DB-517A-4150-9C61-B0334F4EF5C1}.Debug|Any CPU.ActiveCfg = Debug|Any CPU
		{41A049DB-517A-4150-9C61-B0334F4EF5C1}.Debug|Any CPU.Build.0 = Debug|Any CPU
		{41A049DB-517A-4150-9C61-B0334F4EF5C1}.Debug|Mixed Platforms.ActiveCfg = Debug|Any CPU
		{41A049DB-517A-4150-9C61-B0334F4EF5C1}.Debug|Mixed Platforms.Build.0 = Debug|Any CPU
		{41A049DB-517A-4150-9C61-B0334F4EF5C1}.Debug|x64.ActiveCfg = Debug|Any CPU
		{41A049DB-517A-4150-9C61-B0334F4EF5C1}.Debug|x64.Build.0 = Debug|Any CPU
		{41A049DB-517A-4150-9C61-B0334F4EF5C1}.Debug|x86.ActiveCfg = Debug|Any CPU
		{41A049DB-517A-4150-9C61-B0334F4EF5C1}.DebugLocal|.NET.ActiveCfg = Debug|Any CPU
		{41A049DB-517A-4150-9C61-B0334F4EF5C1}.DebugLocal|.NET.Build.0 = Debug|Any CPU
		{41A049DB-517A-4150-9C61-B0334F4EF5C1}.DebugLocal|Any CPU.ActiveCfg = Debug|Any CPU
		{41A049DB-517A-4150-9C61-B0334F4EF5C1}.DebugLocal|Any CPU.Build.0 = Debug|Any CPU
		{41A049DB-517A-4150-9C61-B0334F4EF5C1}.DebugLocal|Mixed Platforms.ActiveCfg = Debug|Any CPU
		{41A049DB-517A-4150-9C61-B0334F4EF5C1}.DebugLocal|Mixed Platforms.Build.0 = Debug|Any CPU
		{41A049DB-517A-4150-9C61-B0334F4EF5C1}.DebugLocal|x64.ActiveCfg = Debug|x64
		{41A049DB-517A-4150-9C61-B0334F4EF5C1}.DebugLocal|x64.Build.0 = Debug|x64
		{41A049DB-517A-4150-9C61-B0334F4EF5C1}.DebugLocal|x86.ActiveCfg = Debug|Any CPU
		{41A049DB-517A-4150-9C61-B0334F4EF5C1}.DebugLocal|x86.Build.0 = Debug|Any CPU
		{41A049DB-517A-4150-9C61-B0334F4EF5C1}.Release|.NET.ActiveCfg = Release|Any CPU
		{41A049DB-517A-4150-9C61-B0334F4EF5C1}.Release|Any CPU.ActiveCfg = Release|Any CPU
		{41A049DB-517A-4150-9C61-B0334F4EF5C1}.Release|Any CPU.Build.0 = Release|Any CPU
		{41A049DB-517A-4150-9C61-B0334F4EF5C1}.Release|Mixed Platforms.ActiveCfg = Release|Any CPU
		{41A049DB-517A-4150-9C61-B0334F4EF5C1}.Release|Mixed Platforms.Build.0 = Release|Any CPU
		{41A049DB-517A-4150-9C61-B0334F4EF5C1}.Release|x64.ActiveCfg = Release|x64
		{41A049DB-517A-4150-9C61-B0334F4EF5C1}.Release|x64.Build.0 = Release|x64
		{41A049DB-517A-4150-9C61-B0334F4EF5C1}.Release|x86.ActiveCfg = Release|Any CPU
		{B2AA887D-2472-4570-8E6A-F76A454946F2}.Debug|.NET.ActiveCfg = Debug|Any CPU
		{B2AA887D-2472-4570-8E6A-F76A454946F2}.Debug|Any CPU.ActiveCfg = Debug|Any CPU
		{B2AA887D-2472-4570-8E6A-F76A454946F2}.Debug|Any CPU.Build.0 = Debug|Any CPU
		{B2AA887D-2472-4570-8E6A-F76A454946F2}.Debug|Mixed Platforms.ActiveCfg = Debug|Any CPU
		{B2AA887D-2472-4570-8E6A-F76A454946F2}.Debug|Mixed Platforms.Build.0 = Debug|Any CPU
		{B2AA887D-2472-4570-8E6A-F76A454946F2}.Debug|x64.ActiveCfg = Debug|Any CPU
		{B2AA887D-2472-4570-8E6A-F76A454946F2}.Debug|x64.Build.0 = Debug|Any CPU
		{B2AA887D-2472-4570-8E6A-F76A454946F2}.Debug|x86.ActiveCfg = Debug|Any CPU
		{B2AA887D-2472-4570-8E6A-F76A454946F2}.DebugLocal|.NET.ActiveCfg = Debug|Any CPU
		{B2AA887D-2472-4570-8E6A-F76A454946F2}.DebugLocal|.NET.Build.0 = Debug|Any CPU
		{B2AA887D-2472-4570-8E6A-F76A454946F2}.DebugLocal|Any CPU.ActiveCfg = Debug|Any CPU
		{B2AA887D-2472-4570-8E6A-F76A454946F2}.DebugLocal|Any CPU.Build.0 = Debug|Any CPU
		{B2AA887D-2472-4570-8E6A-F76A454946F2}.DebugLocal|Mixed Platforms.ActiveCfg = Debug|Any CPU
		{B2AA887D-2472-4570-8E6A-F76A454946F2}.DebugLocal|Mixed Platforms.Build.0 = Debug|Any CPU
		{B2AA887D-2472-4570-8E6A-F76A454946F2}.DebugLocal|x64.ActiveCfg = Debug|x64
		{B2AA887D-2472-4570-8E6A-F76A454946F2}.DebugLocal|x64.Build.0 = Debug|x64
		{B2AA887D-2472-4570-8E6A-F76A454946F2}.DebugLocal|x86.ActiveCfg = Debug|Any CPU
		{B2AA887D-2472-4570-8E6A-F76A454946F2}.DebugLocal|x86.Build.0 = Debug|Any CPU
		{B2AA887D-2472-4570-8E6A-F76A454946F2}.Release|.NET.ActiveCfg = Release|Any CPU
		{B2AA887D-2472-4570-8E6A-F76A454946F2}.Release|Any CPU.ActiveCfg = Release|Any CPU
		{B2AA887D-2472-4570-8E6A-F76A454946F2}.Release|Any CPU.Build.0 = Release|Any CPU
		{B2AA887D-2472-4570-8E6A-F76A454946F2}.Release|Mixed Platforms.ActiveCfg = Release|Any CPU
		{B2AA887D-2472-4570-8E6A-F76A454946F2}.Release|Mixed Platforms.Build.0 = Release|Any CPU
		{B2AA887D-2472-4570-8E6A-F76A454946F2}.Release|x64.ActiveCfg = Release|Any CPU
		{B2AA887D-2472-4570-8E6A-F76A454946F2}.Release|x86.ActiveCfg = Release|Any CPU
		{5D52EAEC-42FB-4313-83B8-69E2F55EBF14}.Debug|.NET.ActiveCfg = Debug|Any CPU
		{5D52EAEC-42FB-4313-83B8-69E2F55EBF14}.Debug|Any CPU.ActiveCfg = Debug|Any CPU
		{5D52EAEC-42FB-4313-83B8-69E2F55EBF14}.Debug|Any CPU.Build.0 = Debug|Any CPU
		{5D52EAEC-42FB-4313-83B8-69E2F55EBF14}.Debug|Mixed Platforms.ActiveCfg = Debug|Any CPU
		{5D52EAEC-42FB-4313-83B8-69E2F55EBF14}.Debug|Mixed Platforms.Build.0 = Debug|Any CPU
		{5D52EAEC-42FB-4313-83B8-69E2F55EBF14}.Debug|x64.ActiveCfg = Debug|Any CPU
		{5D52EAEC-42FB-4313-83B8-69E2F55EBF14}.Debug|x64.Build.0 = Debug|Any CPU
		{5D52EAEC-42FB-4313-83B8-69E2F55EBF14}.Debug|x86.ActiveCfg = Debug|Any CPU
		{5D52EAEC-42FB-4313-83B8-69E2F55EBF14}.DebugLocal|.NET.ActiveCfg = Debug|Any CPU
		{5D52EAEC-42FB-4313-83B8-69E2F55EBF14}.DebugLocal|.NET.Build.0 = Debug|Any CPU
		{5D52EAEC-42FB-4313-83B8-69E2F55EBF14}.DebugLocal|Any CPU.ActiveCfg = Debug|Any CPU
		{5D52EAEC-42FB-4313-83B8-69E2F55EBF14}.DebugLocal|Any CPU.Build.0 = Debug|Any CPU
		{5D52EAEC-42FB-4313-83B8-69E2F55EBF14}.DebugLocal|Mixed Platforms.ActiveCfg = Debug|Any CPU
		{5D52EAEC-42FB-4313-83B8-69E2F55EBF14}.DebugLocal|Mixed Platforms.Build.0 = Debug|Any CPU
		{5D52EAEC-42FB-4313-83B8-69E2F55EBF14}.DebugLocal|x64.ActiveCfg = Debug|x64
		{5D52EAEC-42FB-4313-83B8-69E2F55EBF14}.DebugLocal|x64.Build.0 = Debug|x64
		{5D52EAEC-42FB-4313-83B8-69E2F55EBF14}.DebugLocal|x86.ActiveCfg = Debug|Any CPU
		{5D52EAEC-42FB-4313-83B8-69E2F55EBF14}.DebugLocal|x86.Build.0 = Debug|Any CPU
		{5D52EAEC-42FB-4313-83B8-69E2F55EBF14}.Release|.NET.ActiveCfg = Release|Any CPU
		{5D52EAEC-42FB-4313-83B8-69E2F55EBF14}.Release|Any CPU.ActiveCfg = Release|Any CPU
		{5D52EAEC-42FB-4313-83B8-69E2F55EBF14}.Release|Any CPU.Build.0 = Release|Any CPU
		{5D52EAEC-42FB-4313-83B8-69E2F55EBF14}.Release|Mixed Platforms.ActiveCfg = Release|Any CPU
		{5D52EAEC-42FB-4313-83B8-69E2F55EBF14}.Release|Mixed Platforms.Build.0 = Release|Any CPU
		{5D52EAEC-42FB-4313-83B8-69E2F55EBF14}.Release|x64.ActiveCfg = Release|x64
		{5D52EAEC-42FB-4313-83B8-69E2F55EBF14}.Release|x64.Build.0 = Release|x64
		{5D52EAEC-42FB-4313-83B8-69E2F55EBF14}.Release|x86.ActiveCfg = Release|Any CPU
		{37ECF839-ED98-4E2A-97B6-A10D28D8D9E5}.Debug|.NET.ActiveCfg = Debug|Any CPU
		{37ECF839-ED98-4E2A-97B6-A10D28D8D9E5}.Debug|Any CPU.ActiveCfg = Debug|Any CPU
		{37ECF839-ED98-4E2A-97B6-A10D28D8D9E5}.Debug|Any CPU.Build.0 = Debug|Any CPU
		{37ECF839-ED98-4E2A-97B6-A10D28D8D9E5}.Debug|Mixed Platforms.ActiveCfg = Debug|Any CPU
		{37ECF839-ED98-4E2A-97B6-A10D28D8D9E5}.Debug|Mixed Platforms.Build.0 = Debug|Any CPU
		{37ECF839-ED98-4E2A-97B6-A10D28D8D9E5}.Debug|x64.ActiveCfg = Debug|Any CPU
		{37ECF839-ED98-4E2A-97B6-A10D28D8D9E5}.Debug|x64.Build.0 = Debug|Any CPU
		{37ECF839-ED98-4E2A-97B6-A10D28D8D9E5}.Debug|x86.ActiveCfg = Debug|Any CPU
		{37ECF839-ED98-4E2A-97B6-A10D28D8D9E5}.DebugLocal|.NET.ActiveCfg = Debug|Any CPU
		{37ECF839-ED98-4E2A-97B6-A10D28D8D9E5}.DebugLocal|.NET.Build.0 = Debug|Any CPU
		{37ECF839-ED98-4E2A-97B6-A10D28D8D9E5}.DebugLocal|Any CPU.ActiveCfg = Debug|Any CPU
		{37ECF839-ED98-4E2A-97B6-A10D28D8D9E5}.DebugLocal|Any CPU.Build.0 = Debug|Any CPU
		{37ECF839-ED98-4E2A-97B6-A10D28D8D9E5}.DebugLocal|Mixed Platforms.ActiveCfg = Debug|Any CPU
		{37ECF839-ED98-4E2A-97B6-A10D28D8D9E5}.DebugLocal|Mixed Platforms.Build.0 = Debug|Any CPU
		{37ECF839-ED98-4E2A-97B6-A10D28D8D9E5}.DebugLocal|x64.ActiveCfg = Debug|x64
		{37ECF839-ED98-4E2A-97B6-A10D28D8D9E5}.DebugLocal|x64.Build.0 = Debug|x64
		{37ECF839-ED98-4E2A-97B6-A10D28D8D9E5}.DebugLocal|x86.ActiveCfg = Debug|Any CPU
		{37ECF839-ED98-4E2A-97B6-A10D28D8D9E5}.DebugLocal|x86.Build.0 = Debug|Any CPU
		{37ECF839-ED98-4E2A-97B6-A10D28D8D9E5}.Release|.NET.ActiveCfg = Release|Any CPU
		{37ECF839-ED98-4E2A-97B6-A10D28D8D9E5}.Release|Any CPU.ActiveCfg = Release|Any CPU
		{37ECF839-ED98-4E2A-97B6-A10D28D8D9E5}.Release|Any CPU.Build.0 = Release|Any CPU
		{37ECF839-ED98-4E2A-97B6-A10D28D8D9E5}.Release|Mixed Platforms.ActiveCfg = Release|Any CPU
		{37ECF839-ED98-4E2A-97B6-A10D28D8D9E5}.Release|Mixed Platforms.Build.0 = Release|Any CPU
		{37ECF839-ED98-4E2A-97B6-A10D28D8D9E5}.Release|x64.ActiveCfg = Release|Any CPU
		{37ECF839-ED98-4E2A-97B6-A10D28D8D9E5}.Release|x86.ActiveCfg = Release|Any CPU
		{217BC8A4-47E0-4280-9601-FCBEEBB8B51B}.Debug|.NET.ActiveCfg = Debug|Any CPU
		{217BC8A4-47E0-4280-9601-FCBEEBB8B51B}.Debug|Any CPU.ActiveCfg = Debug|Any CPU
		{217BC8A4-47E0-4280-9601-FCBEEBB8B51B}.Debug|Any CPU.Build.0 = Debug|Any CPU
		{217BC8A4-47E0-4280-9601-FCBEEBB8B51B}.Debug|Mixed Platforms.ActiveCfg = Debug|Any CPU
		{217BC8A4-47E0-4280-9601-FCBEEBB8B51B}.Debug|Mixed Platforms.Build.0 = Debug|Any CPU
		{217BC8A4-47E0-4280-9601-FCBEEBB8B51B}.Debug|x64.ActiveCfg = Debug|Any CPU
		{217BC8A4-47E0-4280-9601-FCBEEBB8B51B}.Debug|x64.Build.0 = Debug|Any CPU
		{217BC8A4-47E0-4280-9601-FCBEEBB8B51B}.Debug|x86.ActiveCfg = Debug|Any CPU
		{217BC8A4-47E0-4280-9601-FCBEEBB8B51B}.DebugLocal|.NET.ActiveCfg = Debug|Any CPU
		{217BC8A4-47E0-4280-9601-FCBEEBB8B51B}.DebugLocal|.NET.Build.0 = Debug|Any CPU
		{217BC8A4-47E0-4280-9601-FCBEEBB8B51B}.DebugLocal|Any CPU.ActiveCfg = Debug|Any CPU
		{217BC8A4-47E0-4280-9601-FCBEEBB8B51B}.DebugLocal|Any CPU.Build.0 = Debug|Any CPU
		{217BC8A4-47E0-4280-9601-FCBEEBB8B51B}.DebugLocal|Mixed Platforms.ActiveCfg = Debug|Any CPU
		{217BC8A4-47E0-4280-9601-FCBEEBB8B51B}.DebugLocal|Mixed Platforms.Build.0 = Debug|Any CPU
		{217BC8A4-47E0-4280-9601-FCBEEBB8B51B}.DebugLocal|x64.ActiveCfg = Debug|x64
		{217BC8A4-47E0-4280-9601-FCBEEBB8B51B}.DebugLocal|x64.Build.0 = Debug|x64
		{217BC8A4-47E0-4280-9601-FCBEEBB8B51B}.DebugLocal|x86.ActiveCfg = Debug|Any CPU
		{217BC8A4-47E0-4280-9601-FCBEEBB8B51B}.DebugLocal|x86.Build.0 = Debug|Any CPU
		{217BC8A4-47E0-4280-9601-FCBEEBB8B51B}.Release|.NET.ActiveCfg = Release|Any CPU
		{217BC8A4-47E0-4280-9601-FCBEEBB8B51B}.Release|Any CPU.ActiveCfg = Release|Any CPU
		{217BC8A4-47E0-4280-9601-FCBEEBB8B51B}.Release|Any CPU.Build.0 = Release|Any CPU
		{217BC8A4-47E0-4280-9601-FCBEEBB8B51B}.Release|Mixed Platforms.ActiveCfg = Release|Any CPU
		{217BC8A4-47E0-4280-9601-FCBEEBB8B51B}.Release|Mixed Platforms.Build.0 = Release|Any CPU
		{217BC8A4-47E0-4280-9601-FCBEEBB8B51B}.Release|x64.ActiveCfg = Release|Any CPU
		{217BC8A4-47E0-4280-9601-FCBEEBB8B51B}.Release|x86.ActiveCfg = Release|Any CPU
		{BA9ECD36-20AD-46BF-86E1-7884E38DE146}.Debug|.NET.ActiveCfg = Debug|Any CPU
		{BA9ECD36-20AD-46BF-86E1-7884E38DE146}.Debug|Any CPU.ActiveCfg = Debug|Any CPU
		{BA9ECD36-20AD-46BF-86E1-7884E38DE146}.Debug|Any CPU.Build.0 = Debug|Any CPU
		{BA9ECD36-20AD-46BF-86E1-7884E38DE146}.Debug|Mixed Platforms.ActiveCfg = Debug|Any CPU
		{BA9ECD36-20AD-46BF-86E1-7884E38DE146}.Debug|Mixed Platforms.Build.0 = Debug|Any CPU
		{BA9ECD36-20AD-46BF-86E1-7884E38DE146}.Debug|x64.ActiveCfg = Debug|x64
		{BA9ECD36-20AD-46BF-86E1-7884E38DE146}.Debug|x64.Build.0 = Debug|x64
		{BA9ECD36-20AD-46BF-86E1-7884E38DE146}.Debug|x86.ActiveCfg = Debug|Any CPU
		{BA9ECD36-20AD-46BF-86E1-7884E38DE146}.DebugLocal|.NET.ActiveCfg = Debug|Any CPU
		{BA9ECD36-20AD-46BF-86E1-7884E38DE146}.DebugLocal|.NET.Build.0 = Debug|Any CPU
		{BA9ECD36-20AD-46BF-86E1-7884E38DE146}.DebugLocal|Any CPU.ActiveCfg = Debug|Any CPU
		{BA9ECD36-20AD-46BF-86E1-7884E38DE146}.DebugLocal|Any CPU.Build.0 = Debug|Any CPU
		{BA9ECD36-20AD-46BF-86E1-7884E38DE146}.DebugLocal|Mixed Platforms.ActiveCfg = Debug|Any CPU
		{BA9ECD36-20AD-46BF-86E1-7884E38DE146}.DebugLocal|Mixed Platforms.Build.0 = Debug|Any CPU
		{BA9ECD36-20AD-46BF-86E1-7884E38DE146}.DebugLocal|x64.ActiveCfg = Debug|x64
		{BA9ECD36-20AD-46BF-86E1-7884E38DE146}.DebugLocal|x64.Build.0 = Debug|x64
		{BA9ECD36-20AD-46BF-86E1-7884E38DE146}.DebugLocal|x86.ActiveCfg = Debug|Any CPU
		{BA9ECD36-20AD-46BF-86E1-7884E38DE146}.DebugLocal|x86.Build.0 = Debug|Any CPU
		{BA9ECD36-20AD-46BF-86E1-7884E38DE146}.Release|.NET.ActiveCfg = Release|Any CPU
		{BA9ECD36-20AD-46BF-86E1-7884E38DE146}.Release|Any CPU.ActiveCfg = Release|Any CPU
		{BA9ECD36-20AD-46BF-86E1-7884E38DE146}.Release|Any CPU.Build.0 = Release|Any CPU
		{BA9ECD36-20AD-46BF-86E1-7884E38DE146}.Release|Mixed Platforms.ActiveCfg = Release|Any CPU
		{BA9ECD36-20AD-46BF-86E1-7884E38DE146}.Release|Mixed Platforms.Build.0 = Release|Any CPU
		{BA9ECD36-20AD-46BF-86E1-7884E38DE146}.Release|x64.ActiveCfg = Release|x64
		{BA9ECD36-20AD-46BF-86E1-7884E38DE146}.Release|x64.Build.0 = Release|x64
		{BA9ECD36-20AD-46BF-86E1-7884E38DE146}.Release|x86.ActiveCfg = Release|Any CPU
		{C7F0EFEB-4F8E-47F9-AEDA-0BC4113858C2}.Debug|.NET.ActiveCfg = Debug|Any CPU
		{C7F0EFEB-4F8E-47F9-AEDA-0BC4113858C2}.Debug|.NET.Build.0 = Debug|Any CPU
		{C7F0EFEB-4F8E-47F9-AEDA-0BC4113858C2}.Debug|Any CPU.ActiveCfg = Debug|Any CPU
		{C7F0EFEB-4F8E-47F9-AEDA-0BC4113858C2}.Debug|Any CPU.Build.0 = Debug|Any CPU
		{C7F0EFEB-4F8E-47F9-AEDA-0BC4113858C2}.Debug|Mixed Platforms.ActiveCfg = Debug|Any CPU
		{C7F0EFEB-4F8E-47F9-AEDA-0BC4113858C2}.Debug|Mixed Platforms.Build.0 = Debug|Any CPU
		{C7F0EFEB-4F8E-47F9-AEDA-0BC4113858C2}.Debug|x64.ActiveCfg = Debug|Any CPU
		{C7F0EFEB-4F8E-47F9-AEDA-0BC4113858C2}.Debug|x64.Build.0 = Debug|Any CPU
		{C7F0EFEB-4F8E-47F9-AEDA-0BC4113858C2}.Debug|x86.ActiveCfg = Debug|Any CPU
		{C7F0EFEB-4F8E-47F9-AEDA-0BC4113858C2}.Debug|x86.Build.0 = Debug|Any CPU
		{C7F0EFEB-4F8E-47F9-AEDA-0BC4113858C2}.DebugLocal|.NET.ActiveCfg = Debug|Any CPU
		{C7F0EFEB-4F8E-47F9-AEDA-0BC4113858C2}.DebugLocal|.NET.Build.0 = Debug|Any CPU
		{C7F0EFEB-4F8E-47F9-AEDA-0BC4113858C2}.DebugLocal|Any CPU.ActiveCfg = Debug|Any CPU
		{C7F0EFEB-4F8E-47F9-AEDA-0BC4113858C2}.DebugLocal|Any CPU.Build.0 = Debug|Any CPU
		{C7F0EFEB-4F8E-47F9-AEDA-0BC4113858C2}.DebugLocal|Mixed Platforms.ActiveCfg = Debug|Any CPU
		{C7F0EFEB-4F8E-47F9-AEDA-0BC4113858C2}.DebugLocal|Mixed Platforms.Build.0 = Debug|Any CPU
		{C7F0EFEB-4F8E-47F9-AEDA-0BC4113858C2}.DebugLocal|x64.ActiveCfg = Debug|Any CPU
		{C7F0EFEB-4F8E-47F9-AEDA-0BC4113858C2}.DebugLocal|x64.Build.0 = Debug|Any CPU
		{C7F0EFEB-4F8E-47F9-AEDA-0BC4113858C2}.DebugLocal|x86.ActiveCfg = Debug|Any CPU
		{C7F0EFEB-4F8E-47F9-AEDA-0BC4113858C2}.DebugLocal|x86.Build.0 = Debug|Any CPU
		{C7F0EFEB-4F8E-47F9-AEDA-0BC4113858C2}.Release|.NET.ActiveCfg = Release|Any CPU
		{C7F0EFEB-4F8E-47F9-AEDA-0BC4113858C2}.Release|.NET.Build.0 = Release|Any CPU
		{C7F0EFEB-4F8E-47F9-AEDA-0BC4113858C2}.Release|Any CPU.ActiveCfg = Release|Any CPU
		{C7F0EFEB-4F8E-47F9-AEDA-0BC4113858C2}.Release|Any CPU.Build.0 = Release|Any CPU
		{C7F0EFEB-4F8E-47F9-AEDA-0BC4113858C2}.Release|Mixed Platforms.ActiveCfg = Release|Any CPU
		{C7F0EFEB-4F8E-47F9-AEDA-0BC4113858C2}.Release|Mixed Platforms.Build.0 = Release|Any CPU
		{C7F0EFEB-4F8E-47F9-AEDA-0BC4113858C2}.Release|x64.ActiveCfg = Release|Any CPU
		{C7F0EFEB-4F8E-47F9-AEDA-0BC4113858C2}.Release|x64.Build.0 = Release|Any CPU
		{C7F0EFEB-4F8E-47F9-AEDA-0BC4113858C2}.Release|x86.ActiveCfg = Release|Any CPU
		{C7F0EFEB-4F8E-47F9-AEDA-0BC4113858C2}.Release|x86.Build.0 = Release|Any CPU
		{83A38CEF-29B3-46CD-881A-46F3D73A5525}.Debug|.NET.ActiveCfg = Debug
		{83A38CEF-29B3-46CD-881A-46F3D73A5525}.Debug|.NET.Build.0 = Debug
		{83A38CEF-29B3-46CD-881A-46F3D73A5525}.Debug|.NET.Deploy.0 = Debug
		{83A38CEF-29B3-46CD-881A-46F3D73A5525}.Debug|Any CPU.ActiveCfg = Debug
		{83A38CEF-29B3-46CD-881A-46F3D73A5525}.Debug|Any CPU.Build.0 = Debug
		{83A38CEF-29B3-46CD-881A-46F3D73A5525}.Debug|Any CPU.Deploy.0 = Debug
		{83A38CEF-29B3-46CD-881A-46F3D73A5525}.Debug|Mixed Platforms.ActiveCfg = Debug
		{83A38CEF-29B3-46CD-881A-46F3D73A5525}.Debug|Mixed Platforms.Build.0 = Debug
		{83A38CEF-29B3-46CD-881A-46F3D73A5525}.Debug|Mixed Platforms.Deploy.0 = Debug
		{83A38CEF-29B3-46CD-881A-46F3D73A5525}.Debug|x64.ActiveCfg = Debug
		{83A38CEF-29B3-46CD-881A-46F3D73A5525}.Debug|x64.Build.0 = Debug
		{83A38CEF-29B3-46CD-881A-46F3D73A5525}.Debug|x64.Deploy.0 = Debug
		{83A38CEF-29B3-46CD-881A-46F3D73A5525}.Debug|x86.ActiveCfg = Debug
		{83A38CEF-29B3-46CD-881A-46F3D73A5525}.Debug|x86.Build.0 = Debug
		{83A38CEF-29B3-46CD-881A-46F3D73A5525}.Debug|x86.Deploy.0 = Debug
		{83A38CEF-29B3-46CD-881A-46F3D73A5525}.DebugLocal|.NET.ActiveCfg = DebugLocal
		{83A38CEF-29B3-46CD-881A-46F3D73A5525}.DebugLocal|.NET.Build.0 = DebugLocal
		{83A38CEF-29B3-46CD-881A-46F3D73A5525}.DebugLocal|Any CPU.ActiveCfg = DebugLocal
		{83A38CEF-29B3-46CD-881A-46F3D73A5525}.DebugLocal|Any CPU.Build.0 = DebugLocal
		{83A38CEF-29B3-46CD-881A-46F3D73A5525}.DebugLocal|Mixed Platforms.ActiveCfg = DebugLocal
		{83A38CEF-29B3-46CD-881A-46F3D73A5525}.DebugLocal|Mixed Platforms.Build.0 = DebugLocal
		{83A38CEF-29B3-46CD-881A-46F3D73A5525}.DebugLocal|x64.ActiveCfg = DebugLocal
		{83A38CEF-29B3-46CD-881A-46F3D73A5525}.DebugLocal|x64.Build.0 = DebugLocal
		{83A38CEF-29B3-46CD-881A-46F3D73A5525}.DebugLocal|x86.ActiveCfg = DebugLocal
		{83A38CEF-29B3-46CD-881A-46F3D73A5525}.DebugLocal|x86.Build.0 = DebugLocal
		{83A38CEF-29B3-46CD-881A-46F3D73A5525}.Release|.NET.ActiveCfg = Release
		{83A38CEF-29B3-46CD-881A-46F3D73A5525}.Release|.NET.Build.0 = Release
		{83A38CEF-29B3-46CD-881A-46F3D73A5525}.Release|.NET.Deploy.0 = Release
		{83A38CEF-29B3-46CD-881A-46F3D73A5525}.Release|Any CPU.ActiveCfg = Release
		{83A38CEF-29B3-46CD-881A-46F3D73A5525}.Release|Any CPU.Build.0 = Release
		{83A38CEF-29B3-46CD-881A-46F3D73A5525}.Release|Any CPU.Deploy.0 = Release
		{83A38CEF-29B3-46CD-881A-46F3D73A5525}.Release|Mixed Platforms.ActiveCfg = Release
		{83A38CEF-29B3-46CD-881A-46F3D73A5525}.Release|Mixed Platforms.Build.0 = Release
		{83A38CEF-29B3-46CD-881A-46F3D73A5525}.Release|Mixed Platforms.Deploy.0 = Release
		{83A38CEF-29B3-46CD-881A-46F3D73A5525}.Release|x64.ActiveCfg = Release
		{83A38CEF-29B3-46CD-881A-46F3D73A5525}.Release|x64.Build.0 = Release
		{83A38CEF-29B3-46CD-881A-46F3D73A5525}.Release|x64.Deploy.0 = Release
		{83A38CEF-29B3-46CD-881A-46F3D73A5525}.Release|x86.ActiveCfg = Release
		{83A38CEF-29B3-46CD-881A-46F3D73A5525}.Release|x86.Build.0 = Release
		{83A38CEF-29B3-46CD-881A-46F3D73A5525}.Release|x86.Deploy.0 = Release
	EndGlobalSection
	GlobalSection(SolutionProperties) = preSolution
		HideSolutionNode = FALSE
	EndGlobalSection
	GlobalSection(ExtensibilityGlobals) = postSolution
		SolutionGuid = {07817795-FCD7-4B12-B12E-A885CEC76C58}
	EndGlobalSection
	GlobalSection(TeamFoundationVersionControl) = preSolution
		SccNumberOfProjects = 8
		SccEnterpriseProvider = {4CA58AB2-18FA-4F8D-95D4-32DDF27D184C}
		SccTeamFoundationServer = https://brijeshrathor.visualstudio.com/
		SccProjectUniqueName0 = HealthyChef.DAL\\HealthyChef.DAL.csproj
		SccProjectName0 = HealthyChef.DAL
		SccAuxPath0 = https://brijeshrathor.visualstudio.com
		SccLocalPath0 = HealthyChef.DAL
		SccProvider0 = {4CA58AB2-18FA-4F8D-95D4-32DDF27D184C}
		SccProjectUniqueName1 = HealthyChef\\HealthyChef.csproj
		SccProjectName1 = HealthyChef
		SccAuxPath1 = https://brijeshrathor.visualstudio.com
		SccLocalPath1 = HealthyChef
		SccProvider1 = {4CA58AB2-18FA-4F8D-95D4-32DDF27D184C}
		SccProjectUniqueName2 = HealthyChef.Common\\HealthyChef.Common.csproj
		SccProjectName2 = HealthyChef.Common
		SccAuxPath2 = https://brijeshrathor.visualstudio.com
		SccLocalPath2 = HealthyChef.Common
		SccProvider2 = {4CA58AB2-18FA-4F8D-95D4-32DDF27D184C}
		SccProjectUniqueName3 = HealthyChef.Email\\HealthyChef.Email.csproj
		SccProjectName3 = HealthyChef.Email
		SccAuxPath3 = https://brijeshrathor.visualstudio.com
		SccLocalPath3 = HealthyChef.Email
		SccProvider3 = {4CA58AB2-18FA-4F8D-95D4-32DDF27D184C}
		SccProjectUniqueName4 = Authorize.NET\\AuthorizeNET.csproj
		SccProjectName4 = Authorize.NET
		SccAuxPath4 = https://brijeshrathor.visualstudio.com
		SccLocalPath4 = Authorize.NET
		SccProvider4 = {4CA58AB2-18FA-4F8D-95D4-32DDF27D184C}
		SccProjectUniqueName5 = ZipToTax\\ZipToTaxService.csproj
		SccProjectName5 = ZipToTax
		SccAuxPath5 = https://brijeshrathor.visualstudio.com
		SccLocalPath5 = ZipToTax
		SccProvider5 = {4CA58AB2-18FA-4F8D-95D4-32DDF27D184C}
		SccProjectUniqueName6 = UserImport\\UserImport.csproj
		SccProjectName6 = UserImport
		SccAuxPath6 = https://brijeshrathor.visualstudio.com
		SccLocalPath6 = UserImport
		SccProvider6 = {4CA58AB2-18FA-4F8D-95D4-32DDF27D184C}
		SccProjectUniqueName7 = HealthyChef.AuthNet\\HealthyChef.AuthNet.csproj
		SccProjectName7 = HealthyChef.AuthNet
		SccAuxPath7 = https://brijeshrathor.visualstudio.com
		SccLocalPath7 = HealthyChef.AuthNet
		SccProvider7 = {4CA58AB2-18FA-4F8D-95D4-32DDF27D184C}
	EndGlobalSection
	GlobalSection(TestCaseManagementSettings) = postSolution
		CategoryFile = HealthyChef.vsmdi
	EndGlobalSection
EndGlobal
